
Microsoft Visual Studio Solution File, Format Version 12.00
# Visual Studio 15
VisualStudioVersion = 15.0.28307.421
MinimumVisualStudioVersion = 10.0.40219.1
Project("{FAE04EC0-301F-11D3-BF4B-00C04F79EFBC}") = "FavoriteThings", "FavoriteThings\FavoriteThings.csproj", "{3132A2AD-B7D5-40E7-A0DC-82586BE8BF68}"
EndProject
Global
	GlobalSection(SolutionConfigurationPlatforms) = preSolution
		Debug|Any CPU = Debug|Any CPU
		Release|Any CPU = Release|Any CPU
	EndGlobalSection
	GlobalSection(ProjectConfigurationPlatforms) = postSolution
		{3132A2AD-B7D5-40E7-A0DC-82586BE8BF68}.Debug|Any CPU.ActiveCfg = Debug|Any CPU
		{3132A2AD-B7D5-40E7-A0DC-82586BE8BF68}.Debug|Any CPU.Build.0 = Debug|Any CPU
		{3132A2AD-B7D5-40E7-A0DC-82586BE8BF68}.Release|Any CPU.ActiveCfg = Release|Any CPU
		{3132A2AD-B7D5-40E7-A0DC-82586BE8BF68}.Release|Any CPU.Build.0 = Release|Any CPU
	EndGlobalSection
	GlobalSection(SolutionProperties) = preSolution
		HideSolutionNode = FALSE
	EndGlobalSection
	GlobalSection(ExtensibilityGlobals) = postSolution
		SolutionGuid = {1B606840-36F9-46C0-8A60-B8C23F5CCAE3}
	EndGlobalSection
EndGlobal
